PODS:
  - SwaylorTift (1.0.3)

DEPENDENCIES:
  - SwaylorTift (from `swaylortift.podspec`)

EXTERNAL SOURCES:
  SwaylorTift:
    :path: swaylortift.podspec

SPEC CHECKSUMS:
  SwaylorTift: 69c650c3b3a51d6afc1ff31b8bd3fcaa94251a13

PODFILE CHECKSUM: 2b2b8e1334684be487051bde534e5db6c98b643e

COCOAPODS: 1.6.1
