PODS:
  - SwaylorTift (1.0.15)

DEPENDENCIES:
  - SwaylorTift (from `SwaylorTift.podspec`)

EXTERNAL SOURCES:
  SwaylorTift:
    :path: SwaylorTift.podspec

SPEC CHECKSUMS:
  SwaylorTift: 737a806245a749a482db48343af801303616434f

PODFILE CHECKSUM: 1ffe6a6987fb55e080ccb5f35056de2ba8639cd4

COCOAPODS: 1.10.1
