PODS:
  - SwaylorTift (1.0.1)

DEPENDENCIES:
  - SwaylorTift (from `swaylortift.podspec`)

EXTERNAL SOURCES:
  SwaylorTift:
    :path: swaylortift.podspec

SPEC CHECKSUMS:
  SwaylorTift: 10622130a48e0e66b9cd5e9da9b736a88df61e1f

PODFILE CHECKSUM: 2b2b8e1334684be487051bde534e5db6c98b643e

COCOAPODS: 1.6.1
