// !$*UTF8*$!
{
	archiveVersion = 1;
	classes = {
	};
	objectVersion = 51;
	objects = {

/* Begin PBXBuildFile section */
		2AC5B71C8B4C155FD4BF4C3C /* Pods_SwaylorTiftTests.framework in Frameworks */ = {isa = PBXBuildFile; fileRef = 05245D0E83FA46437C85D054 /* Pods_SwaylorTiftTests.framework */; };
		5BA64D7322F96897006735E9 /* SwaylorTift.framework in Frameworks */ = {isa = PBXBuildFile; fileRef = 5BA64D6922F96897006735E9 /* SwaylorTift.framework */; };
		5BA64D7822F96897006735E9 /* SwaylorTiftTests.swift in Sources */ = {isa = PBXBuildFile; fileRef = 5BA64D7722F96897006735E9 /* SwaylorTiftTests.swift */; };
		5BA64D7A22F96897006735E9 /* SwaylorTift.h in Headers */ = {isa = PBXBuildFile; fileRef = 5BA64D6C22F96897006735E9 /* SwaylorTift.h */; settings = {ATTRIBUTES = (Public, ); }; };
		5BA64DA922F9693D006735E9 /* TabularText.swift in Sources */ = {isa = PBXBuildFile; fileRef = 5BA64D8622F9693C006735E9 /* TabularText.swift */; };
		5BA64DAA22F9693D006735E9 /* LogFile.swift in Sources */ = {isa = PBXBuildFile; fileRef = 5BA64D8722F9693C006735E9 /* LogFile.swift */; };
		5BA64DAB22F9693D006735E9 /* Delay.swift in Sources */ = {isa = PBXBuildFile; fileRef = 5BA64D8822F9693C006735E9 /* Delay.swift */; };
		5BA64DAC22F9693D006735E9 /* Assert.swift in Sources */ = {isa = PBXBuildFile; fileRef = 5BA64D8922F9693C006735E9 /* Assert.swift */; };
		5BA64DAD22F9693D006735E9 /* Log.swift in Sources */ = {isa = PBXBuildFile; fileRef = 5BA64D8A22F9693C006735E9 /* Log.swift */; };
		5BA64DAE22F9693D006735E9 /* HashID.swift in Sources */ = {isa = PBXBuildFile; fileRef = 5BA64D8B22F9693C006735E9 /* HashID.swift */; };
		5BA64DAF22F9693D006735E9 /* ExecutionTimer.swift in Sources */ = {isa = PBXBuildFile; fileRef = 5BA64D8C22F9693C006735E9 /* ExecutionTimer.swift */; };
		5BA64DB022F9693D006735E9 /* Metatype.swift in Sources */ = {isa = PBXBuildFile; fileRef = 5BA64D8D22F9693C006735E9 /* Metatype.swift */; };
		5BA64DB122F9693D006735E9 /* Interval.swift in Sources */ = {isa = PBXBuildFile; fileRef = 5BA64D8E22F9693C006735E9 /* Interval.swift */; };
		5BA64DB222F9693D006735E9 /* JSON.swift in Sources */ = {isa = PBXBuildFile; fileRef = 5BA64D8F22F9693C006735E9 /* JSON.swift */; };
		5BA64DB322F9693D006735E9 /* Dice.swift in Sources */ = {isa = PBXBuildFile; fileRef = 5BA64D9022F9693C006735E9 /* Dice.swift */; };
		5BA64DB422F9693D006735E9 /* File.swift in Sources */ = {isa = PBXBuildFile; fileRef = 5BA64D9122F9693C006735E9 /* File.swift */; };
		5BA64DB522F9693D006735E9 /* StopWatch.swift in Sources */ = {isa = PBXBuildFile; fileRef = 5BA64D9222F9693C006735E9 /* StopWatch.swift */; };
		5BA64DB622F9693D006735E9 /* UIView.swift in Sources */ = {isa = PBXBuildFile; fileRef = 5BA64D9422F9693C006735E9 /* UIView.swift */; };
		5BA64DB722F9693D006735E9 /* Array.swift in Sources */ = {isa = PBXBuildFile; fileRef = 5BA64D9522F9693C006735E9 /* Array.swift */; };
		5BA64DB822F9693D006735E9 /* UInt.swift in Sources */ = {isa = PBXBuildFile; fileRef = 5BA64D9622F9693C006735E9 /* UInt.swift */; };
		5BA64DB922F9693D006735E9 /* UIColor.swift in Sources */ = {isa = PBXBuildFile; fileRef = 5BA64D9722F9693C006735E9 /* UIColor.swift */; };
		5BA64DBA22F9693D006735E9 /* Character.swift in Sources */ = {isa = PBXBuildFile; fileRef = 5BA64D9822F9693C006735E9 /* Character.swift */; };
		5BA64DBB22F9693D006735E9 /* NSObject.swift in Sources */ = {isa = PBXBuildFile; fileRef = 5BA64D9922F9693C006735E9 /* NSObject.swift */; };
		5BA64DBC22F9693D006735E9 /* Encodable.swift in Sources */ = {isa = PBXBuildFile; fileRef = 5BA64D9A22F9693C006735E9 /* Encodable.swift */; };
		5BA64DBD22F9693D006735E9 /* DispatchTimeInterval.swift in Sources */ = {isa = PBXBuildFile; fileRef = 5BA64D9B22F9693C006735E9 /* DispatchTimeInterval.swift */; };
		5BA64DBE22F9693D006735E9 /* Int.swift in Sources */ = {isa = PBXBuildFile; fileRef = 5BA64D9C22F9693C006735E9 /* Int.swift */; };
		5BA64DBF22F9693D006735E9 /* UIDevice.swift in Sources */ = {isa = PBXBuildFile; fileRef = 5BA64D9D22F9693C006735E9 /* UIDevice.swift */; };
		5BA64DC022F9693D006735E9 /* Dictionary.swift in Sources */ = {isa = PBXBuildFile; fileRef = 5BA64D9E22F9693C006735E9 /* Dictionary.swift */; };
		5BA64DC122F9693D006735E9 /* String.swift in Sources */ = {isa = PBXBuildFile; fileRef = 5BA64D9F22F9693C006735E9 /* String.swift */; };
		5BA64DC222F9693D006735E9 /* Double.swift in Sources */ = {isa = PBXBuildFile; fileRef = 5BA64DA022F9693C006735E9 /* Double.swift */; };
		5BA64DC322F9693D006735E9 /* UIApplication.swift in Sources */ = {isa = PBXBuildFile; fileRef = 5BA64DA122F9693C006735E9 /* UIApplication.swift */; };
		5BA64DC422F9693D006735E9 /* Bundle.swift in Sources */ = {isa = PBXBuildFile; fileRef = 5BA64DA222F9693C006735E9 /* Bundle.swift */; };
		5BA64DC522F9693D006735E9 /* Optional.swift in Sources */ = {isa = PBXBuildFile; fileRef = 5BA64DA322F9693C006735E9 /* Optional.swift */; };
		5BA64DC622F9693D006735E9 /* TimeInterval.swift in Sources */ = {isa = PBXBuildFile; fileRef = 5BA64DA422F9693C006735E9 /* TimeInterval.swift */; };
		5BA64DC722F9693D006735E9 /* Globals.swift in Sources */ = {isa = PBXBuildFile; fileRef = 5BA64DA522F9693C006735E9 /* Globals.swift */; };
		5BA64DC822F9693D006735E9 /* FrequencyTable.swift in Sources */ = {isa = PBXBuildFile; fileRef = 5BA64DA722F9693D006735E9 /* FrequencyTable.swift */; };
		5BA64DC922F9693D006735E9 /* SortedArray.swift in Sources */ = {isa = PBXBuildFile; fileRef = 5BA64DA822F9693D006735E9 /* SortedArray.swift */; };
		78369F9FA39DCA1705557BB9 /* SetOnceFlag.swift in Sources */ = {isa = PBXBuildFile; fileRef = 78369785328F923C6B7F1DB8 /* SetOnceFlag.swift */; };
		EC530B71C26F69DC7FDDBC22 /* Pods_SwaylorTift.framework in Frameworks */ = {isa = PBXBuildFile; fileRef = 67BEE1635C80D29160D8BEC6 /* Pods_SwaylorTift.framework */; };
/* End PBXBuildFile section */

/* Begin PBXContainerItemProxy section */
		5BA64D7422F96897006735E9 /* PBXContainerItemProxy */ = {
			isa = PBXContainerItemProxy;
			containerPortal = 5BA64D6022F96897006735E9 /* Project object */;
			proxyType = 1;
			remoteGlobalIDString = 5BA64D6822F96897006735E9;
			remoteInfo = SwaylorTift;
		};
/* End PBXContainerItemProxy section */

/* Begin PBXFileReference section */
		05245D0E83FA46437C85D054 /* Pods_SwaylorTiftTests.framework */ = {isa = PBXFileReference; explicitFileType = wrapper.framework; includeInIndex = 0; path = Pods_SwaylorTiftTests.framework; sourceTree = BUILT_PRODUCTS_DIR; };
		48300AFDC4300DDE27120609 /* Pods-SwaylorTiftTests.debug.xcconfig */ = {isa = PBXFileReference; includeInIndex = 1; lastKnownFileType = text.xcconfig; name = "Pods-SwaylorTiftTests.debug.xcconfig"; path = "Target Support Files/Pods-SwaylorTiftTests/Pods-SwaylorTiftTests.debug.xcconfig"; sourceTree = "<group>"; };
		5BA64D6922F96897006735E9 /* SwaylorTift.framework */ = {isa = PBXFileReference; explicitFileType = wrapper.framework; includeInIndex = 0; path = SwaylorTift.framework; sourceTree = BUILT_PRODUCTS_DIR; };
		5BA64D6C22F96897006735E9 /* SwaylorTift.h */ = {isa = PBXFileReference; lastKnownFileType = sourcecode.c.h; path = SwaylorTift.h; sourceTree = "<group>"; };
		5BA64D6D22F96897006735E9 /* Info.plist */ = {isa = PBXFileReference; lastKnownFileType = text.plist.xml; path = Info.plist; sourceTree = "<group>"; };
		5BA64D7222F96897006735E9 /* SwaylorTiftTests.xctest */ = {isa = PBXFileReference; explicitFileType = wrapper.cfbundle; includeInIndex = 0; path = SwaylorTiftTests.xctest; sourceTree = BUILT_PRODUCTS_DIR; };
		5BA64D7722F96897006735E9 /* SwaylorTiftTests.swift */ = {isa = PBXFileReference; lastKnownFileType = sourcecode.swift; path = SwaylorTiftTests.swift; sourceTree = "<group>"; };
		5BA64D7922F96897006735E9 /* Info.plist */ = {isa = PBXFileReference; lastKnownFileType = text.plist.xml; path = Info.plist; sourceTree = "<group>"; };
		5BA64D8622F9693C006735E9 /* TabularText.swift */ = {isa = PBXFileReference; fileEncoding = 4; lastKnownFileType = sourcecode.swift; path = TabularText.swift; sourceTree = "<group>"; };
		5BA64D8722F9693C006735E9 /* LogFile.swift */ = {isa = PBXFileReference; fileEncoding = 4; lastKnownFileType = sourcecode.swift; path = LogFile.swift; sourceTree = "<group>"; };
		5BA64D8822F9693C006735E9 /* Delay.swift */ = {isa = PBXFileReference; fileEncoding = 4; lastKnownFileType = sourcecode.swift; path = Delay.swift; sourceTree = "<group>"; };
		5BA64D8922F9693C006735E9 /* Assert.swift */ = {isa = PBXFileReference; fileEncoding = 4; lastKnownFileType = sourcecode.swift; path = Assert.swift; sourceTree = "<group>"; };
		5BA64D8A22F9693C006735E9 /* Log.swift */ = {isa = PBXFileReference; fileEncoding = 4; lastKnownFileType = sourcecode.swift; path = Log.swift; sourceTree = "<group>"; };
		5BA64D8B22F9693C006735E9 /* HashID.swift */ = {isa = PBXFileReference; fileEncoding = 4; lastKnownFileType = sourcecode.swift; path = HashID.swift; sourceTree = "<group>"; };
		5BA64D8C22F9693C006735E9 /* ExecutionTimer.swift */ = {isa = PBXFileReference; fileEncoding = 4; lastKnownFileType = sourcecode.swift; path = ExecutionTimer.swift; sourceTree = "<group>"; };
		5BA64D8D22F9693C006735E9 /* Metatype.swift */ = {isa = PBXFileReference; fileEncoding = 4; lastKnownFileType = sourcecode.swift; path = Metatype.swift; sourceTree = "<group>"; };
		5BA64D8E22F9693C006735E9 /* Interval.swift */ = {isa = PBXFileReference; fileEncoding = 4; lastKnownFileType = sourcecode.swift; path = Interval.swift; sourceTree = "<group>"; };
		5BA64D8F22F9693C006735E9 /* JSON.swift */ = {isa = PBXFileReference; fileEncoding = 4; lastKnownFileType = sourcecode.swift; path = JSON.swift; sourceTree = "<group>"; };
		5BA64D9022F9693C006735E9 /* Dice.swift */ = {isa = PBXFileReference; fileEncoding = 4; lastKnownFileType = sourcecode.swift; path = Dice.swift; sourceTree = "<group>"; };
		5BA64D9122F9693C006735E9 /* File.swift */ = {isa = PBXFileReference; fileEncoding = 4; lastKnownFileType = sourcecode.swift; path = File.swift; sourceTree = "<group>"; };
		5BA64D9222F9693C006735E9 /* StopWatch.swift */ = {isa = PBXFileReference; fileEncoding = 4; lastKnownFileType = sourcecode.swift; path = StopWatch.swift; sourceTree = "<group>"; };
		5BA64D9422F9693C006735E9 /* UIView.swift */ = {isa = PBXFileReference; fileEncoding = 4; lastKnownFileType = sourcecode.swift; path = UIView.swift; sourceTree = "<group>"; };
		5BA64D9522F9693C006735E9 /* Array.swift */ = {isa = PBXFileReference; fileEncoding = 4; lastKnownFileType = sourcecode.swift; path = Array.swift; sourceTree = "<group>"; };
		5BA64D9622F9693C006735E9 /* UInt.swift */ = {isa = PBXFileReference; fileEncoding = 4; lastKnownFileType = sourcecode.swift; path = UInt.swift; sourceTree = "<group>"; };
		5BA64D9722F9693C006735E9 /* UIColor.swift */ = {isa = PBXFileReference; fileEncoding = 4; lastKnownFileType = sourcecode.swift; path = UIColor.swift; sourceTree = "<group>"; };
		5BA64D9822F9693C006735E9 /* Character.swift */ = {isa = PBXFileReference; fileEncoding = 4; lastKnownFileType = sourcecode.swift; path = Character.swift; sourceTree = "<group>"; };
		5BA64D9922F9693C006735E9 /* NSObject.swift */ = {isa = PBXFileReference; fileEncoding = 4; lastKnownFileType = sourcecode.swift; path = NSObject.swift; sourceTree = "<group>"; };
		5BA64D9A22F9693C006735E9 /* Encodable.swift */ = {isa = PBXFileReference; fileEncoding = 4; lastKnownFileType = sourcecode.swift; path = Encodable.swift; sourceTree = "<group>"; };
		5BA64D9B22F9693C006735E9 /* DispatchTimeInterval.swift */ = {isa = PBXFileReference; fileEncoding = 4; lastKnownFileType = sourcecode.swift; path = DispatchTimeInterval.swift; sourceTree = "<group>"; };
		5BA64D9C22F9693C006735E9 /* Int.swift */ = {isa = PBXFileReference; fileEncoding = 4; lastKnownFileType = sourcecode.swift; path = Int.swift; sourceTree = "<group>"; };
		5BA64D9D22F9693C006735E9 /* UIDevice.swift */ = {isa = PBXFileReference; fileEncoding = 4; lastKnownFileType = sourcecode.swift; path = UIDevice.swift; sourceTree = "<group>"; };
		5BA64D9E22F9693C006735E9 /* Dictionary.swift */ = {isa = PBXFileReference; fileEncoding = 4; lastKnownFileType = sourcecode.swift; path = Dictionary.swift; sourceTree = "<group>"; };
		5BA64D9F22F9693C006735E9 /* String.swift */ = {isa = PBXFileReference; fileEncoding = 4; lastKnownFileType = sourcecode.swift; path = String.swift; sourceTree = "<group>"; };
		5BA64DA022F9693C006735E9 /* Double.swift */ = {isa = PBXFileReference; fileEncoding = 4; lastKnownFileType = sourcecode.swift; path = Double.swift; sourceTree = "<group>"; };
		5BA64DA122F9693C006735E9 /* UIApplication.swift */ = {isa = PBXFileReference; fileEncoding = 4; lastKnownFileType = sourcecode.swift; path = UIApplication.swift; sourceTree = "<group>"; };
		5BA64DA222F9693C006735E9 /* Bundle.swift */ = {isa = PBXFileReference; fileEncoding = 4; lastKnownFileType = sourcecode.swift; path = Bundle.swift; sourceTree = "<group>"; };
		5BA64DA322F9693C006735E9 /* Optional.swift */ = {isa = PBXFileReference; fileEncoding = 4; lastKnownFileType = sourcecode.swift; path = Optional.swift; sourceTree = "<group>"; };
		5BA64DA422F9693C006735E9 /* TimeInterval.swift */ = {isa = PBXFileReference; fileEncoding = 4; lastKnownFileType = sourcecode.swift; path = TimeInterval.swift; sourceTree = "<group>"; };
		5BA64DA522F9693C006735E9 /* Globals.swift */ = {isa = PBXFileReference; fileEncoding = 4; lastKnownFileType = sourcecode.swift; path = Globals.swift; sourceTree = "<group>"; };
		5BA64DA722F9693D006735E9 /* FrequencyTable.swift */ = {isa = PBXFileReference; fileEncoding = 4; lastKnownFileType = sourcecode.swift; path = FrequencyTable.swift; sourceTree = "<group>"; };
		5BA64DA822F9693D006735E9 /* SortedArray.swift */ = {isa = PBXFileReference; fileEncoding = 4; lastKnownFileType = sourcecode.swift; path = SortedArray.swift; sourceTree = "<group>"; };
		67BEE1635C80D29160D8BEC6 /* Pods_SwaylorTift.framework */ = {isa = PBXFileReference; explicitFileType = wrapper.framework; includeInIndex = 0; path = Pods_SwaylorTift.framework; sourceTree = BUILT_PRODUCTS_DIR; };
		78369785328F923C6B7F1DB8 /* SetOnceFlag.swift */ = {isa = PBXFileReference; fileEncoding = 4; lastKnownFileType = sourcecode.swift; path = SetOnceFlag.swift; sourceTree = "<group>"; };
		833D65D8551BC8142ECF32E7 /* Pods-SwaylorTift.debug.xcconfig */ = {isa = PBXFileReference; includeInIndex = 1; lastKnownFileType = text.xcconfig; name = "Pods-SwaylorTift.debug.xcconfig"; path = "Target Support Files/Pods-SwaylorTift/Pods-SwaylorTift.debug.xcconfig"; sourceTree = "<group>"; };
		E41BA6CF95F677E881353D0C /* Pods-SwaylorTiftTests.release.xcconfig */ = {isa = PBXFileReference; includeInIndex = 1; lastKnownFileType = text.xcconfig; name = "Pods-SwaylorTiftTests.release.xcconfig"; path = "Target Support Files/Pods-SwaylorTiftTests/Pods-SwaylorTiftTests.release.xcconfig"; sourceTree = "<group>"; };
		E4802AFDD5D11750CD14771D /* Pods-SwaylorTift.release.xcconfig */ = {isa = PBXFileReference; includeInIndex = 1; lastKnownFileType = text.xcconfig; name = "Pods-SwaylorTift.release.xcconfig"; path = "Target Support Files/Pods-SwaylorTift/Pods-SwaylorTift.release.xcconfig"; sourceTree = "<group>"; };
/* End PBXFileReference section */

/* Begin PBXFrameworksBuildPhase section */
		5BA64D6622F96897006735E9 /* Frameworks */ = {
			isa = PBXFrameworksBuildPhase;
			buildActionMask = 2147483647;
			files = (
				EC530B71C26F69DC7FDDBC22 /* Pods_SwaylorTift.framework in Frameworks */,
			);
			runOnlyForDeploymentPostprocessing = 0;
		};
		5BA64D6F22F96897006735E9 /* Frameworks */ = {
			isa = PBXFrameworksBuildPhase;
			buildActionMask = 2147483647;
			files = (
				5BA64D7322F96897006735E9 /* SwaylorTift.framework in Frameworks */,
				2AC5B71C8B4C155FD4BF4C3C /* Pods_SwaylorTiftTests.framework in Frameworks */,
			);
			runOnlyForDeploymentPostprocessing = 0;
		};
/* End PBXFrameworksBuildPhase section */

/* Begin PBXGroup section */
		3A995AF7FDBA90DB8FCB9D26 /* Frameworks */ = {
			isa = PBXGroup;
			children = (
				67BEE1635C80D29160D8BEC6 /* Pods_SwaylorTift.framework */,
				05245D0E83FA46437C85D054 /* Pods_SwaylorTiftTests.framework */,
			);
			name = Frameworks;
			sourceTree = "<group>";
		};
		5BA64D5F22F96897006735E9 = {
			isa = PBXGroup;
			children = (
				5BA64D6B22F96897006735E9 /* SwaylorTift */,
				5BA64D7622F96897006735E9 /* SwaylorTiftTests */,
				5BA64D6A22F96897006735E9 /* Products */,
				AD52878790E7AAD96AFA38F6 /* Pods */,
				3A995AF7FDBA90DB8FCB9D26 /* Frameworks */,
			);
			sourceTree = "<group>";
		};
		5BA64D6A22F96897006735E9 /* Products */ = {
			isa = PBXGroup;
			children = (
				5BA64D6922F96897006735E9 /* SwaylorTift.framework */,
				5BA64D7222F96897006735E9 /* SwaylorTiftTests.xctest */,
			);
			name = Products;
			sourceTree = "<group>";
		};
		5BA64D6B22F96897006735E9 /* SwaylorTift */ = {
			isa = PBXGroup;
			children = (
				5BA64D8322F96906006735E9 /* Source */,
				5BA64D6C22F96897006735E9 /* SwaylorTift.h */,
				5BA64D6D22F96897006735E9 /* Info.plist */,
			);
			path = SwaylorTift;
			sourceTree = "<group>";
		};
		5BA64D7622F96897006735E9 /* SwaylorTiftTests */ = {
			isa = PBXGroup;
			children = (
				5BA64D8422F9690F006735E9 /* Source */,
				5BA64D7922F96897006735E9 /* Info.plist */,
			);
			path = SwaylorTiftTests;
			sourceTree = "<group>";
		};
		5BA64D8322F96906006735E9 /* Source */ = {
			isa = PBXGroup;
			children = (
				5BA64DA522F9693C006735E9 /* Globals.swift */,
				5BA64D9322F9693C006735E9 /* Extensions */,
				5BA64DA622F9693D006735E9 /* Structs */,
				5BA64D8522F9693C006735E9 /* Util */,
				78369422EF3250E91905D8E6 /* Types */,
			);
			path = Source;
			sourceTree = "<group>";
		};
		5BA64D8422F9690F006735E9 /* Source */ = {
			isa = PBXGroup;
			children = (
				5BA64D7722F96897006735E9 /* SwaylorTiftTests.swift */,
			);
			path = Source;
			sourceTree = "<group>";
		};
		5BA64D8522F9693C006735E9 /* Util */ = {
			isa = PBXGroup;
			children = (
				5BA64D8922F9693C006735E9 /* Assert.swift */,
				5BA64D8822F9693C006735E9 /* Delay.swift */,
				5BA64D9022F9693C006735E9 /* Dice.swift */,
				5BA64D8C22F9693C006735E9 /* ExecutionTimer.swift */,
				5BA64D9122F9693C006735E9 /* File.swift */,
				5BA64D8B22F9693C006735E9 /* HashID.swift */,
				5BA64D8E22F9693C006735E9 /* Interval.swift */,
				5BA64D8F22F9693C006735E9 /* JSON.swift */,
				5BA64D8A22F9693C006735E9 /* Log.swift */,
				5BA64D8722F9693C006735E9 /* LogFile.swift */,
				5BA64D8D22F9693C006735E9 /* Metatype.swift */,
				5BA64D9222F9693C006735E9 /* StopWatch.swift */,
				5BA64D8622F9693C006735E9 /* TabularText.swift */,
			);
			path = Util;
			sourceTree = "<group>";
		};
		5BA64D9322F9693C006735E9 /* Extensions */ = {
			isa = PBXGroup;
			children = (
				5BA64D9522F9693C006735E9 /* Array.swift */,
				5BA64DA222F9693C006735E9 /* Bundle.swift */,
				5BA64D9822F9693C006735E9 /* Character.swift */,
				5BA64D9E22F9693C006735E9 /* Dictionary.swift */,
				5BA64D9B22F9693C006735E9 /* DispatchTimeInterval.swift */,
				5BA64DA022F9693C006735E9 /* Double.swift */,
				5BA64D9A22F9693C006735E9 /* Encodable.swift */,
				5BA64D9C22F9693C006735E9 /* Int.swift */,
				5BA64D9922F9693C006735E9 /* NSObject.swift */,
				5BA64DA322F9693C006735E9 /* Optional.swift */,
				5BA64D9F22F9693C006735E9 /* String.swift */,
				5BA64DA422F9693C006735E9 /* TimeInterval.swift */,
				5BA64DA122F9693C006735E9 /* UIApplication.swift */,
				5BA64D9722F9693C006735E9 /* UIColor.swift */,
				5BA64D9D22F9693C006735E9 /* UIDevice.swift */,
				5BA64D9622F9693C006735E9 /* UInt.swift */,
				5BA64D9422F9693C006735E9 /* UIView.swift */,
			);
			path = Extensions;
			sourceTree = "<group>";
		};
		5BA64DA622F9693D006735E9 /* Structs */ = {
			isa = PBXGroup;
			children = (
				5BA64DA722F9693D006735E9 /* FrequencyTable.swift */,
				5BA64DA822F9693D006735E9 /* SortedArray.swift */,
			);
			path = Structs;
			sourceTree = "<group>";
		};
		78369422EF3250E91905D8E6 /* Types */ = {
			isa = PBXGroup;
			children = (
				78369785328F923C6B7F1DB8 /* SetOnceFlag.swift */,
			);
			path = Types;
			sourceTree = "<group>";
		};
		AD52878790E7AAD96AFA38F6 /* Pods */ = {
			isa = PBXGroup;
			children = (
				833D65D8551BC8142ECF32E7 /* Pods-SwaylorTift.debug.xcconfig */,
				E4802AFDD5D11750CD14771D /* Pods-SwaylorTift.release.xcconfig */,
				48300AFDC4300DDE27120609 /* Pods-SwaylorTiftTests.debug.xcconfig */,
				E41BA6CF95F677E881353D0C /* Pods-SwaylorTiftTests.release.xcconfig */,
			);
			name = Pods;
			path = ../Pods;
			sourceTree = "<group>";
		};
/* End PBXGroup section */

/* Begin PBXHeadersBuildPhase section */
		5BA64D6422F96897006735E9 /* Headers */ = {
			isa = PBXHeadersBuildPhase;
			buildActionMask = 2147483647;
			files = (
				5BA64D7A22F96897006735E9 /* SwaylorTift.h in Headers */,
			);
			runOnlyForDeploymentPostprocessing = 0;
		};
/* End PBXHeadersBuildPhase section */

/* Begin PBXNativeTarget section */
		5BA64D6822F96897006735E9 /* SwaylorTift */ = {
			isa = PBXNativeTarget;
			buildConfigurationList = 5BA64D7D22F96897006735E9 /* Build configuration list for PBXNativeTarget "SwaylorTift" */;
			buildPhases = (
				73DA266EDF01B87521A793D0 /* [CP] Check Pods Manifest.lock */,
				5BA64D6422F96897006735E9 /* Headers */,
				5BA64D6522F96897006735E9 /* Sources */,
				5BA64D6622F96897006735E9 /* Frameworks */,
				5BA64D6722F96897006735E9 /* Resources */,
			);
			buildRules = (
			);
			dependencies = (
			);
			name = SwaylorTift;
			productName = SwaylorTift;
			productReference = 5BA64D6922F96897006735E9 /* SwaylorTift.framework */;
			productType = "com.apple.product-type.framework";
		};
		5BA64D7122F96897006735E9 /* SwaylorTiftTests */ = {
			isa = PBXNativeTarget;
			buildConfigurationList = 5BA64D8022F96897006735E9 /* Build configuration list for PBXNativeTarget "SwaylorTiftTests" */;
			buildPhases = (
				32247124DFB1D3005228B651 /* [CP] Check Pods Manifest.lock */,
				5BA64D6E22F96897006735E9 /* Sources */,
				5BA64D6F22F96897006735E9 /* Frameworks */,
				5BA64D7022F96897006735E9 /* Resources */,
				153C553CFE4514A4BE6C82C0 /* [CP] Embed Pods Frameworks */,
			);
			buildRules = (
			);
			dependencies = (
				5BA64D7522F96897006735E9 /* PBXTargetDependency */,
			);
			name = SwaylorTiftTests;
			productName = SwaylorTiftTests;
			productReference = 5BA64D7222F96897006735E9 /* SwaylorTiftTests.xctest */;
			productType = "com.apple.product-type.bundle.unit-test";
		};
/* End PBXNativeTarget section */

/* Begin PBXProject section */
		5BA64D6022F96897006735E9 /* Project object */ = {
			isa = PBXProject;
			attributes = {
				LastSwiftUpdateCheck = 1010;
				LastUpgradeCheck = 1010;
				ORGANIZATIONNAME = Ciathyza;
				TargetAttributes = {
					5BA64D6822F96897006735E9 = {
						CreatedOnToolsVersion = 10.1;
						LastSwiftMigration = 1010;
					};
					5BA64D7122F96897006735E9 = {
						CreatedOnToolsVersion = 10.1;
					};
				};
			};
			buildConfigurationList = 5BA64D6322F96897006735E9 /* Build configuration list for PBXProject "SwaylorTift" */;
			compatibilityVersion = "Xcode 9.3";
			developmentRegion = en;
			hasScannedForEncodings = 0;
			knownRegions = (
				en,
			);
			mainGroup = 5BA64D5F22F96897006735E9;
			productRefGroup = 5BA64D6A22F96897006735E9 /* Products */;
			projectDirPath = "";
			projectRoot = "";
			targets = (
				5BA64D6822F96897006735E9 /* SwaylorTift */,
				5BA64D7122F96897006735E9 /* SwaylorTiftTests */,
			);
		};
/* End PBXProject section */

/* Begin PBXResourcesBuildPhase section */
		5BA64D6722F96897006735E9 /* Resources */ = {
			isa = PBXResourcesBuildPhase;
			buildActionMask = 2147483647;
			files = (
			);
			runOnlyForDeploymentPostprocessing = 0;
		};
		5BA64D7022F96897006735E9 /* Resources */ = {
			isa = PBXResourcesBuildPhase;
			buildActionMask = 2147483647;
			files = (
			);
			runOnlyForDeploymentPostprocessing = 0;
		};
/* End PBXResourcesBuildPhase section */

/* Begin PBXShellScriptBuildPhase section */
		153C553CFE4514A4BE6C82C0 /* [CP] Embed Pods Frameworks */ = {
			isa = PBXShellScriptBuildPhase;
			buildActionMask = 2147483647;
			files = (
			);
			inputFileListPaths = (
				"${PODS_ROOT}/Target Support Files/Pods-SwaylorTiftTests/Pods-SwaylorTiftTests-frameworks-${CONFIGURATION}-input-files.xcfilelist",
			);
			name = "[CP] Embed Pods Frameworks";
			outputFileListPaths = (
				"${PODS_ROOT}/Target Support Files/Pods-SwaylorTiftTests/Pods-SwaylorTiftTests-frameworks-${CONFIGURATION}-output-files.xcfilelist",
			);
			runOnlyForDeploymentPostprocessing = 0;
			shellPath = /bin/sh;
			shellScript = "\"${PODS_ROOT}/Target Support Files/Pods-SwaylorTiftTests/Pods-SwaylorTiftTests-frameworks.sh\"\n";
			showEnvVarsInLog = 0;
		};
		32247124DFB1D3005228B651 /* [CP] Check Pods Manifest.lock */ = {
			isa = PBXShellScriptBuildPhase;
			buildActionMask = 2147483647;
			files = (
			);
			inputFileListPaths = (
			);
			inputPaths = (
				"${PODS_PODFILE_DIR_PATH}/Podfile.lock",
				"${PODS_ROOT}/Manifest.lock",
			);
			name = "[CP] Check Pods Manifest.lock";
			outputFileListPaths = (
			);
			outputPaths = (
				"$(DERIVED_FILE_DIR)/Pods-SwaylorTiftTests-checkManifestLockResult.txt",
			);
			runOnlyForDeploymentPostprocessing = 0;
			shellPath = /bin/sh;
			shellScript = "diff \"${PODS_PODFILE_DIR_PATH}/Podfile.lock\" \"${PODS_ROOT}/Manifest.lock\" > /dev/null\nif [ $? != 0 ] ; then\n    # print error to STDERR\n    echo \"error: The sandbox is not in sync with the Podfile.lock. Run 'pod install' or update your CocoaPods installation.\" >&2\n    exit 1\nfi\n# This output is used by Xcode 'outputs' to avoid re-running this script phase.\necho \"SUCCESS\" > \"${SCRIPT_OUTPUT_FILE_0}\"\n";
			showEnvVarsInLog = 0;
		};
		73DA266EDF01B87521A793D0 /* [CP] Check Pods Manifest.lock */ = {
			isa = PBXShellScriptBuildPhase;
			buildActionMask = 2147483647;
			files = (
			);
			inputFileListPaths = (
			);
			inputPaths = (
				"${PODS_PODFILE_DIR_PATH}/Podfile.lock",
				"${PODS_ROOT}/Manifest.lock",
			);
			name = "[CP] Check Pods Manifest.lock";
			outputFileListPaths = (
			);
			outputPaths = (
				"$(DERIVED_FILE_DIR)/Pods-SwaylorTift-checkManifestLockResult.txt",
			);
			runOnlyForDeploymentPostprocessing = 0;
			shellPath = /bin/sh;
			shellScript = "diff \"${PODS_PODFILE_DIR_PATH}/Podfile.lock\" \"${PODS_ROOT}/Manifest.lock\" > /dev/null\nif [ $? != 0 ] ; then\n    # print error to STDERR\n    echo \"error: The sandbox is not in sync with the Podfile.lock. Run 'pod install' or update your CocoaPods installation.\" >&2\n    exit 1\nfi\n# This output is used by Xcode 'outputs' to avoid re-running this script phase.\necho \"SUCCESS\" > \"${SCRIPT_OUTPUT_FILE_0}\"\n";
			showEnvVarsInLog = 0;
		};
/* End PBXShellScriptBuildPhase section */

/* Begin PBXSourcesBuildPhase section */
		5BA64D6522F96897006735E9 /* Sources */ = {
			isa = PBXSourcesBuildPhase;
			buildActionMask = 2147483647;
			files = (
				5BA64DC522F9693D006735E9 /* Optional.swift in Sources */,
				5BA64DC922F9693D006735E9 /* SortedArray.swift in Sources */,
				5BA64DC622F9693D006735E9 /* TimeInterval.swift in Sources */,
				5BA64DC322F9693D006735E9 /* UIApplication.swift in Sources */,
				5BA64DC422F9693D006735E9 /* Bundle.swift in Sources */,
				5BA64DB522F9693D006735E9 /* StopWatch.swift in Sources */,
				5BA64DAF22F9693D006735E9 /* ExecutionTimer.swift in Sources */,
				5BA64DB422F9693D006735E9 /* File.swift in Sources */,
				5BA64DB222F9693D006735E9 /* JSON.swift in Sources */,
				5BA64DC222F9693D006735E9 /* Double.swift in Sources */,
				5BA64DC822F9693D006735E9 /* FrequencyTable.swift in Sources */,
				5BA64DAB22F9693D006735E9 /* Delay.swift in Sources */,
				5BA64DB822F9693D006735E9 /* UInt.swift in Sources */,
				5BA64DB922F9693D006735E9 /* UIColor.swift in Sources */,
				5BA64DBE22F9693D006735E9 /* Int.swift in Sources */,
				5BA64DBF22F9693D006735E9 /* UIDevice.swift in Sources */,
				5BA64DB022F9693D006735E9 /* Metatype.swift in Sources */,
				5BA64DB722F9693D006735E9 /* Array.swift in Sources */,
				5BA64DBD22F9693D006735E9 /* DispatchTimeInterval.swift in Sources */,
				5BA64DBA22F9693D006735E9 /* Character.swift in Sources */,
				5BA64DAC22F9693D006735E9 /* Assert.swift in Sources */,
				5BA64DAE22F9693D006735E9 /* HashID.swift in Sources */,
				5BA64DB322F9693D006735E9 /* Dice.swift in Sources */,
				5BA64DB122F9693D006735E9 /* Interval.swift in Sources */,
				5BA64DC122F9693D006735E9 /* String.swift in Sources */,
				5BA64DC022F9693D006735E9 /* Dictionary.swift in Sources */,
				5BA64DB622F9693D006735E9 /* UIView.swift in Sources */,
				5BA64DC722F9693D006735E9 /* Globals.swift in Sources */,
				5BA64DAD22F9693D006735E9 /* Log.swift in Sources */,
				5BA64DAA22F9693D006735E9 /* LogFile.swift in Sources */,
				5BA64DBB22F9693D006735E9 /* NSObject.swift in Sources */,
				5BA64DA922F9693D006735E9 /* TabularText.swift in Sources */,
				5BA64DBC22F9693D006735E9 /* Encodable.swift in Sources */,
				78369F9FA39DCA1705557BB9 /* SetOnceFlag.swift in Sources */,
			);
			runOnlyForDeploymentPostprocessing = 0;
		};
		5BA64D6E22F96897006735E9 /* Sources */ = {
			isa = PBXSourcesBuildPhase;
			buildActionMask = 2147483647;
			files = (
				5BA64D7822F96897006735E9 /* SwaylorTiftTests.swift in Sources */,
			);
			runOnlyForDeploymentPostprocessing = 0;
		};
/* End PBXSourcesBuildPhase section */

/* Begin PBXTargetDependency section */
		5BA64D7522F96897006735E9 /* PBXTargetDependency */ = {
			isa = PBXTargetDependency;
			target = 5BA64D6822F96897006735E9 /* SwaylorTift */;
			targetProxy = 5BA64D7422F96897006735E9 /* PBXContainerItemProxy */;
		};
/* End PBXTargetDependency section */

/* Begin XCBuildConfiguration section */
		5BA64D7B22F96897006735E9 /* Debug */ = {
			isa = XCBuildConfiguration;
			buildSettings = {
				ALWAYS_SEARCH_USER_PATHS = NO;
				CLANG_ANALYZER_NONNULL = YES;
				CLANG_ANALYZER_NUMBER_OBJECT_CONVERSION = YES_AGGRESSIVE;
				CLANG_CXX_LANGUAGE_STANDARD = "gnu++14";
				CLANG_CXX_LIBRARY = "libc++";
				CLANG_ENABLE_MODULES = YES;
				CLANG_ENABLE_OBJC_ARC = YES;
				CLANG_ENABLE_OBJC_WEAK = YES;
				CLANG_WARN_BLOCK_CAPTURE_AUTORELEASING = YES;
				CLANG_WARN_BOOL_CONVERSION = YES;
				CLANG_WARN_COMMA = YES;
				CLANG_WARN_CONSTANT_CONVERSION = YES;
				CLANG_WARN_DEPRECATED_OBJC_IMPLEMENTATIONS = YES;
				CLANG_WARN_DIRECT_OBJC_ISA_USAGE = YES_ERROR;
				CLANG_WARN_DOCUMENTATION_COMMENTS = YES;
				CLANG_WARN_EMPTY_BODY = YES;
				CLANG_WARN_ENUM_CONVERSION = YES;
				CLANG_WARN_INFINITE_RECURSION = YES;
				CLANG_WARN_INT_CONVERSION = YES;
				CLANG_WARN_NON_LITERAL_NULL_CONVERSION = YES;
				CLANG_WARN_OBJC_IMPLICIT_RETAIN_SELF = YES;
				CLANG_WARN_OBJC_LITERAL_CONVERSION = YES;
				CLANG_WARN_OBJC_ROOT_CLASS = YES_ERROR;
				CLANG_WARN_RANGE_LOOP_ANALYSIS = YES;
				CLANG_WARN_STRICT_PROTOTYPES = YES;
				CLANG_WARN_SUSPICIOUS_MOVE = YES;
				CLANG_WARN_UNGUARDED_AVAILABILITY = YES_AGGRESSIVE;
				CLANG_WARN_UNREACHABLE_CODE = YES;
				CLANG_WARN__DUPLICATE_METHOD_MATCH = YES;
				CODE_SIGN_IDENTITY = "iPhone Developer";
				COPY_PHASE_STRIP = NO;
				CURRENT_PROJECT_VERSION = 1;
				DEBUG_INFORMATION_FORMAT = dwarf;
				ENABLE_STRICT_OBJC_MSGSEND = YES;
				ENABLE_TESTABILITY = YES;
				GCC_C_LANGUAGE_STANDARD = gnu11;
				GCC_DYNAMIC_NO_PIC = NO;
				GCC_NO_COMMON_BLOCKS = YES;
				GCC_OPTIMIZATION_LEVEL = 0;
				GCC_PREPROCESSOR_DEFINITIONS = (
					"DEBUG=1",
					"$(inherited)",
				);
				GCC_WARN_64_TO_32_BIT_CONVERSION = YES;
				GCC_WARN_ABOUT_RETURN_TYPE = YES_ERROR;
				GCC_WARN_UNDECLARED_SELECTOR = YES;
				GCC_WARN_UNINITIALIZED_AUTOS = YES_AGGRESSIVE;
				GCC_WARN_UNUSED_FUNCTION = YES;
				GCC_WARN_UNUSED_VARIABLE = YES;
				IPHONEOS_DEPLOYMENT_TARGET = 12.1;
				MTL_ENABLE_DEBUG_INFO = INCLUDE_SOURCE;
				MTL_FAST_MATH = YES;
				ONLY_ACTIVE_ARCH = YES;
				SDKROOT = iphoneos;
				SWIFT_ACTIVE_COMPILATION_CONDITIONS = DEBUG;
				SWIFT_OPTIMIZATION_LEVEL = "-Onone";
				VERSIONING_SYSTEM = "apple-generic";
				VERSION_INFO_PREFIX = "";
			};
			name = Debug;
		};
		5BA64D7C22F96897006735E9 /* Release */ = {
			isa = XCBuildConfiguration;
			buildSettings = {
				ALWAYS_SEARCH_USER_PATHS = NO;
				CLANG_ANALYZER_NONNULL = YES;
				CLANG_ANALYZER_NUMBER_OBJECT_CONVERSION = YES_AGGRESSIVE;
				CLANG_CXX_LANGUAGE_STANDARD = "gnu++14";
				CLANG_CXX_LIBRARY = "libc++";
				CLANG_ENABLE_MODULES = YES;
				CLANG_ENABLE_OBJC_ARC = YES;
				CLANG_ENABLE_OBJC_WEAK = YES;
				CLANG_WARN_BLOCK_CAPTURE_AUTORELEASING = YES;
				CLANG_WARN_BOOL_CONVERSION = YES;
				CLANG_WARN_COMMA = YES;
				CLANG_WARN_CONSTANT_CONVERSION = YES;
				CLANG_WARN_DEPRECATED_OBJC_IMPLEMENTATIONS = YES;
				CLANG_WARN_DIRECT_OBJC_ISA_USAGE = YES_ERROR;
				CLANG_WARN_DOCUMENTATION_COMMENTS = YES;
				CLANG_WARN_EMPTY_BODY = YES;
				CLANG_WARN_ENUM_CONVERSION = YES;
				CLANG_WARN_INFINITE_RECURSION = YES;
				CLANG_WARN_INT_CONVERSION = YES;
				CLANG_WARN_NON_LITERAL_NULL_CONVERSION = YES;
				CLANG_WARN_OBJC_IMPLICIT_RETAIN_SELF = YES;
				CLANG_WARN_OBJC_LITERAL_CONVERSION = YES;
				CLANG_WARN_OBJC_ROOT_CLASS = YES_ERROR;
				CLANG_WARN_RANGE_LOOP_ANALYSIS = YES;
				CLANG_WARN_STRICT_PROTOTYPES = YES;
				CLANG_WARN_SUSPICIOUS_MOVE = YES;
				CLANG_WARN_UNGUARDED_AVAILABILITY = YES_AGGRESSIVE;
				CLANG_WARN_UNREACHABLE_CODE = YES;
				CLANG_WARN__DUPLICATE_METHOD_MATCH = YES;
				CODE_SIGN_IDENTITY = "iPhone Developer";
				COPY_PHASE_STRIP = NO;
				CURRENT_PROJECT_VERSION = 1;
				DEBUG_INFORMATION_FORMAT = "dwarf-with-dsym";
				ENABLE_NS_ASSERTIONS = NO;
				ENABLE_STRICT_OBJC_MSGSEND = YES;
				GCC_C_LANGUAGE_STANDARD = gnu11;
				GCC_NO_COMMON_BLOCKS = YES;
				GCC_WARN_64_TO_32_BIT_CONVERSION = YES;
				GCC_WARN_ABOUT_RETURN_TYPE = YES_ERROR;
				GCC_WARN_UNDECLARED_SELECTOR = YES;
				GCC_WARN_UNINITIALIZED_AUTOS = YES_AGGRESSIVE;
				GCC_WARN_UNUSED_FUNCTION = YES;
				GCC_WARN_UNUSED_VARIABLE = YES;
				IPHONEOS_DEPLOYMENT_TARGET = 12.1;
				MTL_ENABLE_DEBUG_INFO = NO;
				MTL_FAST_MATH = YES;
				SDKROOT = iphoneos;
				SWIFT_COMPILATION_MODE = wholemodule;
				SWIFT_OPTIMIZATION_LEVEL = "-O";
				VALIDATE_PRODUCT = YES;
				VERSIONING_SYSTEM = "apple-generic";
				VERSION_INFO_PREFIX = "";
			};
			name = Release;
		};
		5BA64D7E22F96897006735E9 /* Debug */ = {
			isa = XCBuildConfiguration;
			baseConfigurationReference = 833D65D8551BC8142ECF32E7 /* Pods-SwaylorTift.debug.xcconfig */;
			buildSettings = {
				CLANG_ENABLE_MODULES = YES;
				CODE_SIGN_IDENTITY = "";
				CODE_SIGN_STYLE = Automatic;
				DEFINES_MODULE = YES;
				DYLIB_COMPATIBILITY_VERSION = 1;
				DYLIB_CURRENT_VERSION = 1;
				DYLIB_INSTALL_NAME_BASE = "@rpath";
				INFOPLIST_FILE = SwaylorTift/Info.plist;
				INSTALL_PATH = "$(LOCAL_LIBRARY_DIR)/Frameworks";
				IPHONEOS_DEPLOYMENT_TARGET = 11.0;
				LD_RUNPATH_SEARCH_PATHS = (
					"$(inherited)",
					"@executable_path/Frameworks",
					"@loader_path/Frameworks",
				);
				PRODUCT_BUNDLE_IDENTIFIER = com.ciathyza.SwaylorTift;
				PRODUCT_NAME = "$(TARGET_NAME:c99extidentifier)";
				SKIP_INSTALL = YES;
				SWIFT_OPTIMIZATION_LEVEL = "-Onone";
				SWIFT_VERSION = 4.2;
				TARGETED_DEVICE_FAMILY = "1,2";
			};
			name = Debug;
		};
		5BA64D7F22F96897006735E9 /* Release */ = {
			isa = XCBuildConfiguration;
			baseConfigurationReference = E4802AFDD5D11750CD14771D /* Pods-SwaylorTift.release.xcconfig */;
			buildSettings = {
				CLANG_ENABLE_MODULES = YES;
				CODE_SIGN_IDENTITY = "";
				CODE_SIGN_STYLE = Automatic;
				DEFINES_MODULE = YES;
				DYLIB_COMPATIBILITY_VERSION = 1;
				DYLIB_CURRENT_VERSION = 1;
				DYLIB_INSTALL_NAME_BASE = "@rpath";
				INFOPLIST_FILE = SwaylorTift/Info.plist;
				INSTALL_PATH = "$(LOCAL_LIBRARY_DIR)/Frameworks";
				IPHONEOS_DEPLOYMENT_TARGET = 11.0;
				LD_RUNPATH_SEARCH_PATHS = (
					"$(inherited)",
					"@executable_path/Frameworks",
					"@loader_path/Frameworks",
				);
				PRODUCT_BUNDLE_IDENTIFIER = com.ciathyza.SwaylorTift;
				PRODUCT_NAME = "$(TARGET_NAME:c99extidentifier)";
				SKIP_INSTALL = YES;
				SWIFT_VERSION = 4.2;
				TARGETED_DEVICE_FAMILY = "1,2";
			};
			name = Release;
		};
		5BA64D8122F96897006735E9 /* Debug */ = {
			isa = XCBuildConfiguration;
			baseConfigurationReference = 48300AFDC4300DDE27120609 /* Pods-SwaylorTiftTests.debug.xcconfig */;
			buildSettings = {
				ALWAYS_EMBED_SWIFT_STANDARD_LIBRARIES = "$(inherited)";
				CODE_SIGN_STYLE = Automatic;
				DEVELOPMENT_TEAM = "";
				INFOPLIST_FILE = SwaylorTiftTests/Info.plist;
				LD_RUNPATH_SEARCH_PATHS = (
					"$(inherited)",
					"@executable_path/Frameworks",
					"@loader_path/Frameworks",
				);
				PRODUCT_BUNDLE_IDENTIFIER = com.ciathyza.SwaylorTiftTests;
				PRODUCT_NAME = "$(TARGET_NAME)";
				SWIFT_VERSION = 4.2;
				TARGETED_DEVICE_FAMILY = "1,2";
			};
			name = Debug;
		};
		5BA64D8222F96897006735E9 /* Release */ = {
			isa = XCBuildConfiguration;
			baseConfigurationReference = E41BA6CF95F677E881353D0C /* Pods-SwaylorTiftTests.release.xcconfig */;
			buildSettings = {
				ALWAYS_EMBED_SWIFT_STANDARD_LIBRARIES = "$(inherited)";
				CODE_SIGN_STYLE = Automatic;
				DEVELOPMENT_TEAM = "";
				INFOPLIST_FILE = SwaylorTiftTests/Info.plist;
				LD_RUNPATH_SEARCH_PATHS = (
					"$(inherited)",
					"@executable_path/Frameworks",
					"@loader_path/Frameworks",
				);
				PRODUCT_BUNDLE_IDENTIFIER = com.ciathyza.SwaylorTiftTests;
				PRODUCT_NAME = "$(TARGET_NAME)";
				SWIFT_VERSION = 4.2;
				TARGETED_DEVICE_FAMILY = "1,2";
			};
			name = Release;
		};
/* End XCBuildConfiguration section */

/* Begin XCConfigurationList section */
		5BA64D6322F96897006735E9 /* Build configuration list for PBXProject "SwaylorTift" */ = {
			isa = XCConfigurationList;
			buildConfigurations = (
				5BA64D7B22F96897006735E9 /* Debug */,
				5BA64D7C22F96897006735E9 /* Release */,
			);
			defaultConfigurationIsVisible = 0;
			defaultConfigurationName = Release;
		};
		5BA64D7D22F96897006735E9 /* Build configuration list for PBXNativeTarget "SwaylorTift" */ = {
			isa = XCConfigurationList;
			buildConfigurations = (
				5BA64D7E22F96897006735E9 /* Debug */,
				5BA64D7F22F96897006735E9 /* Release */,
			);
			defaultConfigurationIsVisible = 0;
			defaultConfigurationName = Release;
		};
		5BA64D8022F96897006735E9 /* Build configuration list for PBXNativeTarget "SwaylorTiftTests" */ = {
			isa = XCConfigurationList;
			buildConfigurations = (
				5BA64D8122F96897006735E9 /* Debug */,
				5BA64D8222F96897006735E9 /* Release */,
			);
			defaultConfigurationIsVisible = 0;
			defaultConfigurationName = Release;
		};
/* End XCConfigurationList section */
	};
	rootObject = 5BA64D6022F96897006735E9 /* Project object */;
}
